
Microsoft Visual Studio Solution File, Format Version 12.00
# Visual Studio Version 16
VisualStudioVersion = 16.0.30621.155
MinimumVisualStudioVersion = 10.0.40219.1
Project("{FAE04EC0-301F-11D3-BF4B-00C04F79EFBC}") = "readrco", "readrco.csproj", "{B681E479-5CF2-4199-A788-B0DA3972BAD0}"
EndProject
Global
	GlobalSection(SolutionConfigurationPlatforms) = preSolution
		Debug|Any CPU = Debug|Any CPU
		Release|Any CPU = Release|Any CPU
	EndGlobalSection
	GlobalSection(ProjectConfigurationPlatforms) = postSolution
		{B681E479-5CF2-4199-A788-B0DA3972BAD0}.Debug|Any CPU.ActiveCfg = Debug|Any CPU
		{B681E479-5CF2-4199-A788-B0DA3972BAD0}.Debug|Any CPU.Build.0 = Debug|Any CPU
		{B681E479-5CF2-4199-A788-B0DA3972BAD0}.Release|Any CPU.ActiveCfg = Release|Any CPU
		{B681E479-5CF2-4199-A788-B0DA3972BAD0}.Release|Any CPU.Build.0 = Release|Any CPU
	EndGlobalSection
	GlobalSection(SolutionProperties) = preSolution
		HideSolutionNode = FALSE
	EndGlobalSection
	GlobalSection(ExtensibilityGlobals) = postSolution
		SolutionGuid = {8A439979-E841-4EF9-AFE1-E1EE963BC09C}
	EndGlobalSection
EndGlobal
